
Microsoft Visual Studio Solution File, Format Version 12.00
# Visual Studio Version 17
VisualStudioVersion = 17.2.32616.157
MinimumVisualStudioVersion = 10.0.40219.1
Project("{2150E333-8FDC-42A3-9474-1A3956D46DE8}") = "0 - Apresentacao", "0 - Apresentacao", "{10C777F4-83F0-4F7E-8209-9A99A78D7617}"
EndProject
Project("{FAE04EC0-301F-11D3-BF4B-00C04F79EFBC}") = "AR.Apresentacao", "..\AR.Apresentacao\AR.Apresentacao.csproj", "{9BF9BFC2-C852-4630-AC9F-D78F10560166}"
EndProject
Global
	GlobalSection(SolutionConfigurationPlatforms) = preSolution
		Debug|Any CPU = Debug|Any CPU
		Release|Any CPU = Release|Any CPU
	EndGlobalSection
	GlobalSection(ProjectConfigurationPlatforms) = postSolution
		{9BF9BFC2-C852-4630-AC9F-D78F10560166}.Debug|Any CPU.ActiveCfg = Debug|Any CPU
		{9BF9BFC2-C852-4630-AC9F-D78F10560166}.Debug|Any CPU.Build.0 = Debug|Any CPU
		{9BF9BFC2-C852-4630-AC9F-D78F10560166}.Release|Any CPU.ActiveCfg = Release|Any CPU
		{9BF9BFC2-C852-4630-AC9F-D78F10560166}.Release|Any CPU.Build.0 = Release|Any CPU
	EndGlobalSection
	GlobalSection(SolutionProperties) = preSolution
		HideSolutionNode = FALSE
	EndGlobalSection
	GlobalSection(NestedProjects) = preSolution
		{9BF9BFC2-C852-4630-AC9F-D78F10560166} = {10C777F4-83F0-4F7E-8209-9A99A78D7617}
	EndGlobalSection
	GlobalSection(ExtensibilityGlobals) = postSolution
		SolutionGuid = {8BBFAF42-114F-4531-B33E-3B527F875C5F}
	EndGlobalSection
EndGlobal
